PODS:
  - Flutter (1.0.0)
  - flutter_local_notifications (0.0.1):
    - Flutter
  - geolocator_apple (1.2.0):
    - Flutter
  - image_picker_ios (0.0.1):
    - Flutter
  - NWWebSocket (0.5.4)
  - path_provider_foundation (0.0.1):
    - Flutter
    - FlutterMacOS
  - permission_handler_apple (9.3.0):
    - Flutter
  - pusher_channels_flutter (0.0.1):
    - Flutter
    - PusherSwift (~> 10.1.5)
  - PusherSwift (10.1.5):
    - NWWebSocket (~> 0.5.4)
    - TweetNacl (~> 1.0.0)
  - TweetNacl (1.0.2)

DEPENDENCIES:
  - Flutter (from `Flutter`)
  - flutter_local_notifications (from `.symlinks/plugins/flutter_local_notifications/ios`)
  - geolocator_apple (from `.symlinks/plugins/geolocator_apple/ios`)
  - image_picker_ios (from `.symlinks/plugins/image_picker_ios/ios`)
  - path_provider_foundation (from `.symlinks/plugins/path_provider_foundation/darwin`)
  - permission_handler_apple (from `.symlinks/plugins/permission_handler_apple/ios`)
  - pusher_channels_flutter (from `.symlinks/plugins/pusher_channels_flutter/ios`)

SPEC REPOS:
  trunk:
    - NWWebSocket
    - PusherSwift
    - TweetNacl

EXTERNAL SOURCES:
  Flutter:
    :path: Flutter
  flutter_local_notifications:
    :path: ".symlinks/plugins/flutter_local_notifications/ios"
  geolocator_apple:
    :path: ".symlinks/plugins/geolocator_apple/ios"
  image_picker_ios:
    :path: ".symlinks/plugins/image_picker_ios/ios"
  path_provider_foundation:
    :path: ".symlinks/plugins/path_provider_foundation/darwin"
  permission_handler_apple:
    :path: ".symlinks/plugins/permission_handler_apple/ios"
  pusher_channels_flutter:
    :path: ".symlinks/plugins/pusher_channels_flutter/ios"

SPEC CHECKSUMS:
  Flutter: e0871f40cf51350855a761d2e70bf5af5b9b5de7
  flutter_local_notifications: ad39620c743ea4c15127860f4b5641649a988100
  geolocator_apple: 1560c3c875af2a412242c7a923e15d0d401966ff
  image_picker_ios: 7fe1ff8e34c1790d6fff70a32484959f563a928a
  NWWebSocket: 040d22f23438cc09aaeabf537beff67699c3c76d
  path_provider_foundation: 080d55be775b7414fd5a5ef3ac137b97b097e564
  permission_handler_apple: 4ed2196e43d0651e8ff7ca3483a069d469701f2d
  pusher_channels_flutter: 19ee24691d26965e9efca571f1620f536b9882bf
  PusherSwift: cad631bad86cfff4b8458dce1310a7774e469b1f
  TweetNacl: 3abf4d1d2082b0114e7a67410e300892448951e6

PODFILE CHECKSUM: a57f30d18f102dd3ce366b1d62a55ecbef2158e5

COCOAPODS: 1.16.2
